PODS:
  - Choosy (0.5.2):
    - Mantle (< 2.0)
  - Mantle (1.4.1):
    - Mantle/extobjc
  - Mantle/extobjc (1.4.1)

DEPENDENCIES:
  - Choosy (from `https://github.com/Substantial/choosy`)

EXTERNAL SOURCES:
  Choosy:
    :git: https://github.com/Substantial/choosy

SPEC CHECKSUMS:
  Choosy: 0832d7147ac7744cfcffaf21550a888be09c32d4
  Mantle: 0714cdb2b8559d9e6c2410d6a8529e3307bff189

COCOAPODS: 0.32.1
