PODS:
  - Choosy (0.6.2):
    - Mantle (< 2.0)
    - Reachability (~> 3.1)
  - Mantle (1.5):
    - Mantle/extobjc
  - Mantle/extobjc (1.5)
  - Reachability (3.1.1)

DEPENDENCIES:
  - Choosy (from `.`)

EXTERNAL SOURCES:
  Choosy:
    :path: .

SPEC CHECKSUMS:
  Choosy: e33c7302674653a61163b1fdfb77719d1062846f
  Mantle: c67a7e45e14196ed42b2a7cbb98ff6a9920e6b92
  Reachability: 8e9635e3cb4f98e7f825e51147f677ecc694d0e7

COCOAPODS: 0.33.0
